
Microsoft Visual Studio Solution File, Format Version 12.00
# Visual Studio Version 17
VisualStudioVersion = 17.7.34018.315
MinimumVisualStudioVersion = 10.0.40219.1
Project("{FAE04EC0-301F-11D3-BF4B-00C04F79EFBC}") = "QRCodeScanner2.4.Android", "QRCodeScanner2.4\QRCodeScanner2.4.Android\QRCodeScanner2.4.Android.csproj", "{709ED202-1041-4FB8-BA5B-5FFD66245E9D}"
EndProject
Project("{FAE04EC0-301F-11D3-BF4B-00C04F79EFBC}") = "QRCodeScanner2.4", "QRCodeScanner2.4\QRCodeScanner2.4\QRCodeScanner2.4.csproj", "{7C6D993D-DE81-4911-A93C-615099194B13}"
EndProject
Global
	GlobalSection(SolutionConfigurationPlatforms) = preSolution
		Debug|Any CPU = Debug|Any CPU
		Release|Any CPU = Release|Any CPU
	EndGlobalSection
	GlobalSection(ProjectConfigurationPlatforms) = postSolution
		{709ED202-1041-4FB8-BA5B-5FFD66245E9D}.Debug|Any CPU.ActiveCfg = Debug|Any CPU
		{709ED202-1041-4FB8-BA5B-5FFD66245E9D}.Debug|Any CPU.Build.0 = Debug|Any CPU
		{709ED202-1041-4FB8-BA5B-5FFD66245E9D}.Debug|Any CPU.Deploy.0 = Debug|Any CPU
		{709ED202-1041-4FB8-BA5B-5FFD66245E9D}.Release|Any CPU.ActiveCfg = Release|Any CPU
		{709ED202-1041-4FB8-BA5B-5FFD66245E9D}.Release|Any CPU.Build.0 = Release|Any CPU
		{709ED202-1041-4FB8-BA5B-5FFD66245E9D}.Release|Any CPU.Deploy.0 = Release|Any CPU
		{7C6D993D-DE81-4911-A93C-615099194B13}.Debug|Any CPU.ActiveCfg = Debug|Any CPU
		{7C6D993D-DE81-4911-A93C-615099194B13}.Debug|Any CPU.Build.0 = Debug|Any CPU
		{7C6D993D-DE81-4911-A93C-615099194B13}.Debug|Any CPU.Deploy.0 = Debug|Any CPU
		{7C6D993D-DE81-4911-A93C-615099194B13}.Release|Any CPU.ActiveCfg = Release|Any CPU
		{7C6D993D-DE81-4911-A93C-615099194B13}.Release|Any CPU.Build.0 = Release|Any CPU
		{7C6D993D-DE81-4911-A93C-615099194B13}.Release|Any CPU.Deploy.0 = Release|Any CPU
	EndGlobalSection
	GlobalSection(SolutionProperties) = preSolution
		HideSolutionNode = FALSE
	EndGlobalSection
	GlobalSection(ExtensibilityGlobals) = postSolution
		SolutionGuid = {B320DEC3-CF3D-4BA3-9A6D-8C0AF1A476DA}
	EndGlobalSection
EndGlobal
